
Microsoft Visual Studio Solution File, Format Version 12.00
# Visual Studio 2012
Project("{FAE04EC0-301F-11D3-BF4B-00C04F79EFBC}") = "XFWithPrism", "XFWithPrism\XFWithPrism\XFWithPrism.csproj", "{4AFCCB30-B6C6-496D-AAA6-FFA6E62F346C}"
EndProject
Project("{FAE04EC0-301F-11D3-BF4B-00C04F79EFBC}") = "XFWithPrism.iOS", "XFWithPrism\XFWithPrism.iOS\XFWithPrism.iOS.csproj", "{7C2FEA91-D02B-4E45-A655-156A5CA88C8F}"
EndProject
Global
	GlobalSection(SolutionConfigurationPlatforms) = preSolution
		Debug|Any CPU = Debug|Any CPU
		Release|Any CPU = Release|Any CPU
		Debug|iPhoneSimulator = Debug|iPhoneSimulator
		Release|iPhoneSimulator = Release|iPhoneSimulator
		Debug|iPhone = Debug|iPhone
		Release|iPhone = Release|iPhone
		Ad-Hoc|iPhone = Ad-Hoc|iPhone
		AppStore|iPhone = AppStore|iPhone
	EndGlobalSection
	GlobalSection(ProjectConfigurationPlatforms) = postSolution
		{4AFCCB30-B6C6-496D-AAA6-FFA6E62F346C}.Debug|Any CPU.ActiveCfg = Debug|Any CPU
		{4AFCCB30-B6C6-496D-AAA6-FFA6E62F346C}.Debug|Any CPU.Build.0 = Debug|Any CPU
		{4AFCCB30-B6C6-496D-AAA6-FFA6E62F346C}.Release|Any CPU.ActiveCfg = Release|Any CPU
		{4AFCCB30-B6C6-496D-AAA6-FFA6E62F346C}.Release|Any CPU.Build.0 = Release|Any CPU
		{4AFCCB30-B6C6-496D-AAA6-FFA6E62F346C}.Debug|iPhoneSimulator.ActiveCfg = Debug|Any CPU
		{4AFCCB30-B6C6-496D-AAA6-FFA6E62F346C}.Debug|iPhoneSimulator.Build.0 = Debug|Any CPU
		{4AFCCB30-B6C6-496D-AAA6-FFA6E62F346C}.Release|iPhoneSimulator.ActiveCfg = Release|Any CPU
		{4AFCCB30-B6C6-496D-AAA6-FFA6E62F346C}.Release|iPhoneSimulator.Build.0 = Release|Any CPU
		{4AFCCB30-B6C6-496D-AAA6-FFA6E62F346C}.Debug|iPhone.ActiveCfg = Debug|Any CPU
		{4AFCCB30-B6C6-496D-AAA6-FFA6E62F346C}.Debug|iPhone.Build.0 = Debug|Any CPU
		{4AFCCB30-B6C6-496D-AAA6-FFA6E62F346C}.Release|iPhone.ActiveCfg = Release|Any CPU
		{4AFCCB30-B6C6-496D-AAA6-FFA6E62F346C}.Release|iPhone.Build.0 = Release|Any CPU
		{4AFCCB30-B6C6-496D-AAA6-FFA6E62F346C}.Ad-Hoc|iPhone.ActiveCfg = Debug|Any CPU
		{4AFCCB30-B6C6-496D-AAA6-FFA6E62F346C}.Ad-Hoc|iPhone.Build.0 = Debug|Any CPU
		{4AFCCB30-B6C6-496D-AAA6-FFA6E62F346C}.AppStore|iPhone.ActiveCfg = Debug|Any CPU
		{4AFCCB30-B6C6-496D-AAA6-FFA6E62F346C}.AppStore|iPhone.Build.0 = Debug|Any CPU
		{7C2FEA91-D02B-4E45-A655-156A5CA88C8F}.Debug|Any CPU.ActiveCfg = Debug|iPhoneSimulator
		{7C2FEA91-D02B-4E45-A655-156A5CA88C8F}.Debug|Any CPU.Build.0 = Debug|iPhoneSimulator
		{7C2FEA91-D02B-4E45-A655-156A5CA88C8F}.Release|Any CPU.ActiveCfg = Release|iPhoneSimulator
		{7C2FEA91-D02B-4E45-A655-156A5CA88C8F}.Release|Any CPU.Build.0 = Release|iPhoneSimulator
		{7C2FEA91-D02B-4E45-A655-156A5CA88C8F}.Debug|iPhoneSimulator.ActiveCfg = Debug|iPhoneSimulator
		{7C2FEA91-D02B-4E45-A655-156A5CA88C8F}.Debug|iPhoneSimulator.Build.0 = Debug|iPhoneSimulator
		{7C2FEA91-D02B-4E45-A655-156A5CA88C8F}.Release|iPhoneSimulator.ActiveCfg = Release|iPhoneSimulator
		{7C2FEA91-D02B-4E45-A655-156A5CA88C8F}.Release|iPhoneSimulator.Build.0 = Release|iPhoneSimulator
		{7C2FEA91-D02B-4E45-A655-156A5CA88C8F}.Debug|iPhone.ActiveCfg = Debug|iPhone
		{7C2FEA91-D02B-4E45-A655-156A5CA88C8F}.Debug|iPhone.Build.0 = Debug|iPhone
		{7C2FEA91-D02B-4E45-A655-156A5CA88C8F}.Release|iPhone.ActiveCfg = Release|iPhone
		{7C2FEA91-D02B-4E45-A655-156A5CA88C8F}.Release|iPhone.Build.0 = Release|iPhone
		{7C2FEA91-D02B-4E45-A655-156A5CA88C8F}.Ad-Hoc|iPhone.ActiveCfg = Ad-Hoc|iPhone
		{7C2FEA91-D02B-4E45-A655-156A5CA88C8F}.Ad-Hoc|iPhone.Build.0 = Ad-Hoc|iPhone
		{7C2FEA91-D02B-4E45-A655-156A5CA88C8F}.AppStore|iPhone.ActiveCfg = AppStore|iPhone
		{7C2FEA91-D02B-4E45-A655-156A5CA88C8F}.AppStore|iPhone.Build.0 = AppStore|iPhone
	EndGlobalSection
EndGlobal
